// !$*UTF8*$!
{
	archiveVersion = 1;
	classes = {
	};
	objectVersion = 50;
	objects = {

/* Begin PBXBuildFile section */
		3964FB6A246700B9005C75E1 /* AppDelegate.swift in Sources */ = {isa = PBXBuildFile; fileRef = 3964FB69246700B9005C75E1 /* AppDelegate.swift */; };
		3964FB6C246700B9005C75E1 /* SceneDelegate.swift in Sources */ = {isa = PBXBuildFile; fileRef = 3964FB6B246700B9005C75E1 /* SceneDelegate.swift */; };
		3964FB6E246700B9005C75E1 /* ViewController.swift in Sources */ = {isa = PBXBuildFile; fileRef = 3964FB6D246700B9005C75E1 /* ViewController.swift */; };
		3964FB71246700B9005C75E1 /* Main.storyboard in Resources */ = {isa = PBXBuildFile; fileRef = 3964FB6F246700B9005C75E1 /* Main.storyboard */; };
		3964FB73246700CA005C75E1 /* Assets.xcassets in Resources */ = {isa = PBXBuildFile; fileRef = 3964FB72246700CA005C75E1 /* Assets.xcassets */; };
		3964FB76246700CA005C75E1 /* LaunchScreen.storyboard in Resources */ = {isa = PBXBuildFile; fileRef = 3964FB74246700CA005C75E1 /* LaunchScreen.storyboard */; };
		3964FB81246700CB005C75E1 /* TipperTests.swift in Sources */ = {isa = PBXBuildFile; fileRef = 3964FB80246700CB005C75E1 /* TipperTests.swift */; };
		3964FB8C246700CB005C75E1 /* TipperUITests.swift in Sources */ = {isa = PBXBuildFile; fileRef = 3964FB8B246700CB005C75E1 /* TipperUITests.swift */; };
		3964FB9A24670624005C75E1 /* SettingsViewController.swift in Sources */ = {isa = PBXBuildFile; fileRef = 3964FB9924670624005C75E1 /* SettingsViewController.swift */; };
/* End PBXBuildFile section */

/* Begin PBXContainerItemProxy section */
		3964FB7D246700CB005C75E1 /* PBXContainerItemProxy */ = {
			isa = PBXContainerItemProxy;
			containerPortal = 3964FB5E246700B9005C75E1 /* Project object */;
			proxyType = 1;
			remoteGlobalIDString = 3964FB65246700B9005C75E1;
			remoteInfo = Tipper;
		};
		3964FB88246700CB005C75E1 /* PBXContainerItemProxy */ = {
			isa = PBXContainerItemProxy;
			containerPortal = 3964FB5E246700B9005C75E1 /* Project object */;
			proxyType = 1;
			remoteGlobalIDString = 3964FB65246700B9005C75E1;
			remoteInfo = Tipper;
		};
/* End PBXContainerItemProxy section */

/* Begin PBXCopyFilesBuildPhase section */
		3964FBAA2468B956005C75E1 /* Embed App Extensions */ = {
			isa = PBXCopyFilesBuildPhase;
			buildActionMask = 2147483647;
			dstPath = "";
			dstSubfolderSpec = 13;
			files = (
			);
			name = "Embed App Extensions";
			runOnlyForDeploymentPostprocessing = 0;
		};
/* End PBXCopyFilesBuildPhase section */

/* Begin PBXFileReference section */
		3964FB66246700B9005C75E1 /* Tipper.app */ = {isa = PBXFileReference; explicitFileType = wrapper.application; includeInIndex = 0; path = Tipper.app; sourceTree = BUILT_PRODUCTS_DIR; };
		3964FB69246700B9005C75E1 /* AppDelegate.swift */ = {isa = PBXFileReference; lastKnownFileType = sourcecode.swift; path = AppDelegate.swift; sourceTree = "<group>"; };
		3964FB6B246700B9005C75E1 /* SceneDelegate.swift */ = {isa = PBXFileReference; lastKnownFileType = sourcecode.swift; path = SceneDelegate.swift; sourceTree = "<group>"; };
		3964FB6D246700B9005C75E1 /* ViewController.swift */ = {isa = PBXFileReference; lastKnownFileType = sourcecode.swift; path = ViewController.swift; sourceTree = "<group>"; };
		3964FB70246700B9005C75E1 /* Base */ = {isa = PBXFileReference; lastKnownFileType = file.storyboard; name = Base; path = Base.lproj/Main.storyboard; sourceTree = "<group>"; };
		3964FB72246700CA005C75E1 /* Assets.xcassets */ = {isa = PBXFileReference; lastKnownFileType = folder.assetcatalog; path = Assets.xcassets; sourceTree = "<group>"; };
		3964FB75246700CA005C75E1 /* Base */ = {isa = PBXFileReference; lastKnownFileType = file.storyboard; name = Base; path = Base.lproj/LaunchScreen.storyboard; sourceTree = "<group>"; };
		3964FB77246700CA005C75E1 /* Info.plist */ = {isa = PBXFileReference; lastKnownFileType = text.plist.xml; path = Info.plist; sourceTree = "<group>"; };
		3964FB7C246700CB005C75E1 /* TipperTests.xctest */ = {isa = PBXFileReference; explicitFileType = wrapper.cfbundle; includeInIndex = 0; path = TipperTests.xctest; sourceTree = BUILT_PRODUCTS_DIR; };
		3964FB80246700CB005C75E1 /* TipperTests.swift */ = {isa = PBXFileReference; lastKnownFileType = sourcecode.swift; path = TipperTests.swift; sourceTree = "<group>"; };
		3964FB82246700CB005C75E1 /* Info.plist */ = {isa = PBXFileReference; lastKnownFileType = text.plist.xml; path = Info.plist; sourceTree = "<group>"; };
		3964FB87246700CB005C75E1 /* TipperUITests.xctest */ = {isa = PBXFileReference; explicitFileType = wrapper.cfbundle; includeInIndex = 0; path = TipperUITests.xctest; sourceTree = BUILT_PRODUCTS_DIR; };
		3964FB8B246700CB005C75E1 /* TipperUITests.swift */ = {isa = PBXFileReference; lastKnownFileType = sourcecode.swift; path = TipperUITests.swift; sourceTree = "<group>"; };
		3964FB8D246700CB005C75E1 /* Info.plist */ = {isa = PBXFileReference; lastKnownFileType = text.plist.xml; path = Info.plist; sourceTree = "<group>"; };
		3964FB9924670624005C75E1 /* SettingsViewController.swift */ = {isa = PBXFileReference; lastKnownFileType = sourcecode.swift; path = SettingsViewController.swift; sourceTree = "<group>"; };
/* End PBXFileReference section */

/* Begin PBXFrameworksBuildPhase section */
		3964FB63246700B9005C75E1 /* Frameworks */ = {
			isa = PBXFrameworksBuildPhase;
			buildActionMask = 2147483647;
			files = (
			);
			runOnlyForDeploymentPostprocessing = 0;
		};
		3964FB79246700CB005C75E1 /* Frameworks */ = {
			isa = PBXFrameworksBuildPhase;
			buildActionMask = 2147483647;
			files = (
			);
			runOnlyForDeploymentPostprocessing = 0;
		};
		3964FB84246700CB005C75E1 /* Frameworks */ = {
			isa = PBXFrameworksBuildPhase;
			buildActionMask = 2147483647;
			files = (
			);
			runOnlyForDeploymentPostprocessing = 0;
		};
/* End PBXFrameworksBuildPhase section */

/* Begin PBXGroup section */
		3964FB5D246700B9005C75E1 = {
			isa = PBXGroup;
			children = (
				3964FB68246700B9005C75E1 /* Tipper */,
				3964FB7F246700CB005C75E1 /* TipperTests */,
				3964FB8A246700CB005C75E1 /* TipperUITests */,
				3964FB67246700B9005C75E1 /* Products */,
			);
			sourceTree = "<group>";
		};
		3964FB67246700B9005C75E1 /* Products */ = {
			isa = PBXGroup;
			children = (
				3964FB66246700B9005C75E1 /* Tipper.app */,
				3964FB7C246700CB005C75E1 /* TipperTests.xctest */,
				3964FB87246700CB005C75E1 /* TipperUITests.xctest */,
			);
			name = Products;
			sourceTree = "<group>";
		};
		3964FB68246700B9005C75E1 /* Tipper */ = {
			isa = PBXGroup;
			children = (
				3964FB69246700B9005C75E1 /* AppDelegate.swift */,
				3964FB6B246700B9005C75E1 /* SceneDelegate.swift */,
				3964FB6D246700B9005C75E1 /* ViewController.swift */,
				3964FB6F246700B9005C75E1 /* Main.storyboard */,
				3964FB9924670624005C75E1 /* SettingsViewController.swift */,
				3964FB72246700CA005C75E1 /* Assets.xcassets */,
				3964FB74246700CA005C75E1 /* LaunchScreen.storyboard */,
				3964FB77246700CA005C75E1 /* Info.plist */,
			);
			path = Tipper;
			sourceTree = "<group>";
		};
		3964FB7F246700CB005C75E1 /* TipperTests */ = {
			isa = PBXGroup;
			children = (
				3964FB80246700CB005C75E1 /* TipperTests.swift */,
				3964FB82246700CB005C75E1 /* Info.plist */,
			);
			path = TipperTests;
			sourceTree = "<group>";
		};
		3964FB8A246700CB005C75E1 /* TipperUITests */ = {
			isa = PBXGroup;
			children = (
				3964FB8B246700CB005C75E1 /* TipperUITests.swift */,
				3964FB8D246700CB005C75E1 /* Info.plist */,
			);
			path = TipperUITests;
			sourceTree = "<group>";
		};
/* End PBXGroup section */

/* Begin PBXNativeTarget section */
		3964FB65246700B9005C75E1 /* Tipper */ = {
			isa = PBXNativeTarget;
			buildConfigurationList = 3964FB90246700CB005C75E1 /* Build configuration list for PBXNativeTarget "Tipper" */;
			buildPhases = (
				3964FB62246700B9005C75E1 /* Sources */,
				3964FB63246700B9005C75E1 /* Frameworks */,
				3964FB64246700B9005C75E1 /* Resources */,
				3964FBAA2468B956005C75E1 /* Embed App Extensions */,
			);
			buildRules = (
			);
			dependencies = (
			);
			name = Tipper;
			productName = Tipper;
			productReference = 3964FB66246700B9005C75E1 /* Tipper.app */;
			productType = "com.apple.product-type.application";
		};
		3964FB7B246700CB005C75E1 /* TipperTests */ = {
			isa = PBXNativeTarget;
			buildConfigurationList = 3964FB93246700CB005C75E1 /* Build configuration list for PBXNativeTarget "TipperTests" */;
			buildPhases = (
				3964FB78246700CB005C75E1 /* Sources */,
				3964FB79246700CB005C75E1 /* Frameworks */,
				3964FB7A246700CB005C75E1 /* Resources */,
			);
			buildRules = (
			);
			dependencies = (
				3964FB7E246700CB005C75E1 /* PBXTargetDependency */,
			);
			name = TipperTests;
			productName = TipperTests;
			productReference = 3964FB7C246700CB005C75E1 /* TipperTests.xctest */;
			productType = "com.apple.product-type.bundle.unit-test";
		};
		3964FB86246700CB005C75E1 /* TipperUITests */ = {
			isa = PBXNativeTarget;
			buildConfigurationList = 3964FB96246700CB005C75E1 /* Build configuration list for PBXNativeTarget "TipperUITests" */;
			buildPhases = (
				3964FB83246700CB005C75E1 /* Sources */,
				3964FB84246700CB005C75E1 /* Frameworks */,
				3964FB85246700CB005C75E1 /* Resources */,
			);
			buildRules = (
			);
			dependencies = (
				3964FB89246700CB005C75E1 /* PBXTargetDependency */,
			);
			name = TipperUITests;
			productName = TipperUITests;
			productReference = 3964FB87246700CB005C75E1 /* TipperUITests.xctest */;
			productType = "com.apple.product-type.bundle.ui-testing";
		};
/* End PBXNativeTarget section */

/* Begin PBXProject section */
		3964FB5E246700B9005C75E1 /* Project object */ = {
			isa = PBXProject;
			attributes = {
				LastSwiftUpdateCheck = 1140;
				LastUpgradeCheck = 1140;
				ORGANIZATIONNAME = BaraaHegazy;
				TargetAttributes = {
					3964FB65246700B9005C75E1 = {
						CreatedOnToolsVersion = 11.4.1;
					};
					3964FB7B246700CB005C75E1 = {
						CreatedOnToolsVersion = 11.4.1;
						TestTargetID = 3964FB65246700B9005C75E1;
					};
					3964FB86246700CB005C75E1 = {
						CreatedOnToolsVersion = 11.4.1;
						TestTargetID = 3964FB65246700B9005C75E1;
					};
				};
			};
			buildConfigurationList = 3964FB61246700B9005C75E1 /* Build configuration list for PBXProject "Tipper" */;
			compatibilityVersion = "Xcode 9.3";
			developmentRegion = en;
			hasScannedForEncodings = 0;
			knownRegions = (
				en,
				Base,
			);
			mainGroup = 3964FB5D246700B9005C75E1;
			productRefGroup = 3964FB67246700B9005C75E1 /* Products */;
			projectDirPath = "";
			projectRoot = "";
			targets = (
				3964FB65246700B9005C75E1 /* Tipper */,
				3964FB7B246700CB005C75E1 /* TipperTests */,
				3964FB86246700CB005C75E1 /* TipperUITests */,
			);
		};
/* End PBXProject section */

/* Begin PBXResourcesBuildPhase section */
		3964FB64246700B9005C75E1 /* Resources */ = {
			isa = PBXResourcesBuildPhase;
			buildActionMask = 2147483647;
			files = (
				3964FB76246700CA005C75E1 /* LaunchScreen.storyboard in Resources */,
				3964FB73246700CA005C75E1 /* Assets.xcassets in Resources */,
				3964FB71246700B9005C75E1 /* Main.storyboard in Resources */,
			);
			runOnlyForDeploymentPostprocessing = 0;
		};
		3964FB7A246700CB005C75E1 /* Resources */ = {
			isa = PBXResourcesBuildPhase;
			buildActionMask = 2147483647;
			files = (
			);
			runOnlyForDeploymentPostprocessing = 0;
		};
		3964FB85246700CB005C75E1 /* Resources */ = {
			isa = PBXResourcesBuildPhase;
			buildActionMask = 2147483647;
			files = (
			);
			runOnlyForDeploymentPostprocessing = 0;
		};
/* End PBXResourcesBuildPhase section */

/* Begin PBXSourcesBuildPhase section */
		3964FB62246700B9005C75E1 /* Sources */ = {
			isa = PBXSourcesBuildPhase;
			buildActionMask = 2147483647;
			files = (
				3964FB6E246700B9005C75E1 /* ViewController.swift in Sources */,
				3964FB6A246700B9005C75E1 /* AppDelegate.swift in Sources */,
				3964FB6C246700B9005C75E1 /* SceneDelegate.swift in Sources */,
				3964FB9A24670624005C75E1 /* SettingsViewController.swift in Sources */,
			);
			runOnlyForDeploymentPostprocessing = 0;
		};
		3964FB78246700CB005C75E1 /* Sources */ = {
			isa = PBXSourcesBuildPhase;
			buildActionMask = 2147483647;
			files = (
				3964FB81246700CB005C75E1 /* TipperTests.swift in Sources */,
			);
			runOnlyForDeploymentPostprocessing = 0;
		};
		3964FB83246700CB005C75E1 /* Sources */ = {
			isa = PBXSourcesBuildPhase;
			buildActionMask = 2147483647;
			files = (
				3964FB8C246700CB005C75E1 /* TipperUITests.swift in Sources */,
			);
			runOnlyForDeploymentPostprocessing = 0;
		};
/* End PBXSourcesBuildPhase section */

/* Begin PBXTargetDependency section */
		3964FB7E246700CB005C75E1 /* PBXTargetDependency */ = {
			isa = PBXTargetDependency;
			target = 3964FB65246700B9005C75E1 /* Tipper */;
			targetProxy = 3964FB7D246700CB005C75E1 /* PBXContainerItemProxy */;
		};
		3964FB89246700CB005C75E1 /* PBXTargetDependency */ = {
			isa = PBXTargetDependency;
			target = 3964FB65246700B9005C75E1 /* Tipper */;
			targetProxy = 3964FB88246700CB005C75E1 /* PBXContainerItemProxy */;
		};
/* End PBXTargetDependency section */

/* Begin PBXVariantGroup section */
		3964FB6F246700B9005C75E1 /* Main.storyboard */ = {
			isa = PBXVariantGroup;
			children = (
				3964FB70246700B9005C75E1 /* Base */,
			);
			name = Main.storyboard;
			sourceTree = "<group>";
		};
		3964FB74246700CA005C75E1 /* LaunchScreen.storyboard */ = {
			isa = PBXVariantGroup;
			children = (
				3964FB75246700CA005C75E1 /* Base */,
			);
			name = LaunchScreen.storyboard;
			sourceTree = "<group>";
		};
/* End PBXVariantGroup section */

/* Begin XCBuildConfiguration section */
		3964FB8E246700CB005C75E1 /* Debug */ = {
			isa = XCBuildConfiguration;
			buildSettings = {
				ALWAYS_SEARCH_USER_PATHS = NO;
				CLANG_ANALYZER_NONNULL = YES;
				CLANG_ANALYZER_NUMBER_OBJECT_CONVERSION = YES_AGGRESSIVE;
				CLANG_CXX_LANGUAGE_STANDARD = "gnu++14";
				CLANG_CXX_LIBRARY = "libc++";
				CLANG_ENABLE_MODULES = YES;
				CLANG_ENABLE_OBJC_ARC = YES;
				CLANG_ENABLE_OBJC_WEAK = YES;
				CLANG_WARN_BLOCK_CAPTURE_AUTORELEASING = YES;
				CLANG_WARN_BOOL_CONVERSION = YES;
				CLANG_WARN_COMMA = YES;
				CLANG_WARN_CONSTANT_CONVERSION = YES;
				CLANG_WARN_DEPRECATED_OBJC_IMPLEMENTATIONS = YES;
				CLANG_WARN_DIRECT_OBJC_ISA_USAGE = YES_ERROR;
				CLANG_WARN_DOCUMENTATION_COMMENTS = YES;
				CLANG_WARN_EMPTY_BODY = YES;
				CLANG_WARN_ENUM_CONVERSION = YES;
				CLANG_WARN_INFINITE_RECURSION = YES;
				CLANG_WARN_INT_CONVERSION = YES;
				CLANG_WARN_NON_LITERAL_NULL_CONVERSION = YES;
				CLANG_WARN_OBJC_IMPLICIT_RETAIN_SELF = YES;
				CLANG_WARN_OBJC_LITERAL_CONVERSION = YES;
				CLANG_WARN_OBJC_ROOT_CLASS = YES_ERROR;
				CLANG_WARN_RANGE_LOOP_ANALYSIS = YES;
				CLANG_WARN_STRICT_PROTOTYPES = YES;
				CLANG_WARN_SUSPICIOUS_MOVE = YES;
				CLANG_WARN_UNGUARDED_AVAILABILITY = YES_AGGRESSIVE;
				CLANG_WARN_UNREACHABLE_CODE = YES;
				CLANG_WARN__DUPLICATE_METHOD_MATCH = YES;
				COPY_PHASE_STRIP = NO;
				DEBUG_INFORMATION_FORMAT = dwarf;
				ENABLE_STRICT_OBJC_MSGSEND = YES;
				ENABLE_TESTABILITY = YES;
				GCC_C_LANGUAGE_STANDARD = gnu11;
				GCC_DYNAMIC_NO_PIC = NO;
				GCC_NO_COMMON_BLOCKS = YES;
				GCC_OPTIMIZATION_LEVEL = 0;
				GCC_PREPROCESSOR_DEFINITIONS = (
					"DEBUG=1",
					"$(inherited)",
				);
				GCC_WARN_64_TO_32_BIT_CONVERSION = YES;
				GCC_WARN_ABOUT_RETURN_TYPE = YES_ERROR;
				GCC_WARN_UNDECLARED_SELECTOR = YES;
				GCC_WARN_UNINITIALIZED_AUTOS = YES_AGGRESSIVE;
				GCC_WARN_UNUSED_FUNCTION = YES;
				GCC_WARN_UNUSED_VARIABLE = YES;
				IPHONEOS_DEPLOYMENT_TARGET = 13.4;
				MTL_ENABLE_DEBUG_INFO = INCLUDE_SOURCE;
				MTL_FAST_MATH = YES;
				ONLY_ACTIVE_ARCH = YES;
				SDKROOT = iphoneos;
				SWIFT_ACTIVE_COMPILATION_CONDITIONS = DEBUG;
				SWIFT_OPTIMIZATION_LEVEL = "-Onone";
			};
			name = Debug;
		};
		3964FB8F246700CB005C75E1 /* Release */ = {
			isa = XCBuildConfiguration;
			buildSettings = {
				ALWAYS_SEARCH_USER_PATHS = NO;
				CLANG_ANALYZER_NONNULL = YES;
				CLANG_ANALYZER_NUMBER_OBJECT_CONVERSION = YES_AGGRESSIVE;
				CLANG_CXX_LANGUAGE_STANDARD = "gnu++14";
				CLANG_CXX_LIBRARY = "libc++";
				CLANG_ENABLE_MODULES = YES;
				CLANG_ENABLE_OBJC_ARC = YES;
				CLANG_ENABLE_OBJC_WEAK = YES;
				CLANG_WARN_BLOCK_CAPTURE_AUTORELEASING = YES;
				CLANG_WARN_BOOL_CONVERSION = YES;
				CLANG_WARN_COMMA = YES;
				CLANG_WARN_CONSTANT_CONVERSION = YES;
				CLANG_WARN_DEPRECATED_OBJC_IMPLEMENTATIONS = YES;
				CLANG_WARN_DIRECT_OBJC_ISA_USAGE = YES_ERROR;
				CLANG_WARN_DOCUMENTATION_COMMENTS = YES;
				CLANG_WARN_EMPTY_BODY = YES;
				CLANG_WARN_ENUM_CONVERSION = YES;
				CLANG_WARN_INFINITE_RECURSION = YES;
				CLANG_WARN_INT_CONVERSION = YES;
				CLANG_WARN_NON_LITERAL_NULL_CONVERSION = YES;
				CLANG_WARN_OBJC_IMPLICIT_RETAIN_SELF = YES;
				CLANG_WARN_OBJC_LITERAL_CONVERSION = YES;
				CLANG_WARN_OBJC_ROOT_CLASS = YES_ERROR;
				CLANG_WARN_RANGE_LOOP_ANALYSIS = YES;
				CLANG_WARN_STRICT_PROTOTYPES = YES;
				CLANG_WARN_SUSPICIOUS_MOVE = YES;
				CLANG_WARN_UNGUARDED_AVAILABILITY = YES_AGGRESSIVE;
				CLANG_WARN_UNREACHABLE_CODE = YES;
				CLANG_WARN__DUPLICATE_METHOD_MATCH = YES;
				COPY_PHASE_STRIP = NO;
				DEBUG_INFORMATION_FORMAT = "dwarf-with-dsym";
				ENABLE_NS_ASSERTIONS = NO;
				ENABLE_STRICT_OBJC_MSGSEND = YES;
				GCC_C_LANGUAGE_STANDARD = gnu11;
				GCC_NO_COMMON_BLOCKS = YES;
				GCC_WARN_64_TO_32_BIT_CONVERSION = YES;
				GCC_WARN_ABOUT_RETURN_TYPE = YES_ERROR;
				GCC_WARN_UNDECLARED_SELECTOR = YES;
				GCC_WARN_UNINITIALIZED_AUTOS = YES_AGGRESSIVE;
				GCC_WARN_UNUSED_FUNCTION = YES;
				GCC_WARN_UNUSED_VARIABLE = YES;
				IPHONEOS_DEPLOYMENT_TARGET = 13.4;
				MTL_ENABLE_DEBUG_INFO = NO;
				MTL_FAST_MATH = YES;
				SDKROOT = iphoneos;
				SWIFT_COMPILATION_MODE = wholemodule;
				SWIFT_OPTIMIZATION_LEVEL = "-O";
				VALIDATE_PRODUCT = YES;
			};
			name = Release;
		};
		3964FB91246700CB005C75E1 /* Debug */ = {
			isa = XCBuildConfiguration;
			buildSettings = {
				ASSETCATALOG_COMPILER_APPICON_NAME = AppIcon;
				CODE_SIGN_STYLE = Automatic;
				INFOPLIST_FILE = Tipper/Info.plist;
				LD_RUNPATH_SEARCH_PATHS = (
					"$(inherited)",
					"@executable_path/Frameworks",
				);
				PRODUCT_BUNDLE_IDENTIFIER = helloWorld.Tipper;
				PRODUCT_NAME = "$(TARGET_NAME)";
				SWIFT_VERSION = 5.0;
				TARGETED_DEVICE_FAMILY = "1,2";
			};
			name = Debug;
		};
		3964FB92246700CB005C75E1 /* Release */ = {
			isa = XCBuildConfiguration;
			buildSettings = {
				ASSETCATALOG_COMPILER_APPICON_NAME = AppIcon;
				CODE_SIGN_STYLE = Automatic;
				INFOPLIST_FILE = Tipper/Info.plist;
				LD_RUNPATH_SEARCH_PATHS = (
					"$(inherited)",
					"@executable_path/Frameworks",
				);
				PRODUCT_BUNDLE_IDENTIFIER = helloWorld.Tipper;
				PRODUCT_NAME = "$(TARGET_NAME)";
				SWIFT_VERSION = 5.0;
				TARGETED_DEVICE_FAMILY = "1,2";
			};
			name = Release;
		};
		3964FB94246700CB005C75E1 /* Debug */ = {
			isa = XCBuildConfiguration;
			buildSettings = {
				ALWAYS_EMBED_SWIFT_STANDARD_LIBRARIES = YES;
				BUNDLE_LOADER = "$(TEST_HOST)";
				CODE_SIGN_STYLE = Automatic;
				INFOPLIST_FILE = TipperTests/Info.plist;
				IPHONEOS_DEPLOYMENT_TARGET = 13.4;
				LD_RUNPATH_SEARCH_PATHS = (
					"$(inherited)",
					"@executable_path/Frameworks",
					"@loader_path/Frameworks",
				);
				PRODUCT_BUNDLE_IDENTIFIER = helloWorld.TipperTests;
				PRODUCT_NAME = "$(TARGET_NAME)";
				SWIFT_VERSION = 5.0;
				TARGETED_DEVICE_FAMILY = "1,2";
				TEST_HOST = "$(BUILT_PRODUCTS_DIR)/Tipper.app/Tipper";
			};
			name = Debug;
		};
		3964FB95246700CB005C75E1 /* Release */ = {
			isa = XCBuildConfiguration;
			buildSettings = {
				ALWAYS_EMBED_SWIFT_STANDARD_LIBRARIES = YES;
				BUNDLE_LOADER = "$(TEST_HOST)";
				CODE_SIGN_STYLE = Automatic;
				INFOPLIST_FILE = TipperTests/Info.plist;
				IPHONEOS_DEPLOYMENT_TARGET = 13.4;
				LD_RUNPATH_SEARCH_PATHS = (
					"$(inherited)",
					"@executable_path/Frameworks",
					"@loader_path/Frameworks",
				);
				PRODUCT_BUNDLE_IDENTIFIER = helloWorld.TipperTests;
				PRODUCT_NAME = "$(TARGET_NAME)";
				SWIFT_VERSION = 5.0;
				TARGETED_DEVICE_FAMILY = "1,2";
				TEST_HOST = "$(BUILT_PRODUCTS_DIR)/Tipper.app/Tipper";
			};
			name = Release;
		};
		3964FB97246700CB005C75E1 /* Debug */ = {
			isa = XCBuildConfiguration;
			buildSettings = {
				ALWAYS_EMBED_SWIFT_STANDARD_LIBRARIES = YES;
				CODE_SIGN_STYLE = Automatic;
				INFOPLIST_FILE = TipperUITests/Info.plist;
				LD_RUNPATH_SEARCH_PATHS = (
					"$(inherited)",
					"@executable_path/Frameworks",
					"@loader_path/Frameworks",
				);
				PRODUCT_BUNDLE_IDENTIFIER = helloWorld.TipperUITests;
				PRODUCT_NAME = "$(TARGET_NAME)";
				SWIFT_VERSION = 5.0;
				TARGETED_DEVICE_FAMILY = "1,2";
				TEST_TARGET_NAME = Tipper;
			};
			name = Debug;
		};
		3964FB98246700CB005C75E1 /* Release */ = {
			isa = XCBuildConfiguration;
			buildSettings = {
				ALWAYS_EMBED_SWIFT_STANDARD_LIBRARIES = YES;
				CODE_SIGN_STYLE = Automatic;
				INFOPLIST_FILE = TipperUITests/Info.plist;
				LD_RUNPATH_SEARCH_PATHS = (
					"$(inherited)",
					"@executable_path/Frameworks",
					"@loader_path/Frameworks",
				);
				PRODUCT_BUNDLE_IDENTIFIER = helloWorld.TipperUITests;
				PRODUCT_NAME = "$(TARGET_NAME)";
				SWIFT_VERSION = 5.0;
				TARGETED_DEVICE_FAMILY = "1,2";
				TEST_TARGET_NAME = Tipper;
			};
			name = Release;
		};
/* End XCBuildConfiguration section */

/* Begin XCConfigurationList section */
		3964FB61246700B9005C75E1 /* Build configuration list for PBXProject "Tipper" */ = {
			isa = XCConfigurationList;
			buildConfigurations = (
				3964FB8E246700CB005C75E1 /* Debug */,
				3964FB8F246700CB005C75E1 /* Release */,
			);
			defaultConfigurationIsVisible = 0;
			defaultConfigurationName = Release;
		};
		3964FB90246700CB005C75E1 /* Build configuration list for PBXNativeTarget "Tipper" */ = {
			isa = XCConfigurationList;
			buildConfigurations = (
				3964FB91246700CB005C75E1 /* Debug */,
				3964FB92246700CB005C75E1 /* Release */,
			);
			defaultConfigurationIsVisible = 0;
			defaultConfigurationName = Release;
		};
		3964FB93246700CB005C75E1 /* Build configuration list for PBXNativeTarget "TipperTests" */ = {
			isa = XCConfigurationList;
			buildConfigurations = (
				3964FB94246700CB005C75E1 /* Debug */,
				3964FB95246700CB005C75E1 /* Release */,
			);
			defaultConfigurationIsVisible = 0;
			defaultConfigurationName = Release;
		};
		3964FB96246700CB005C75E1 /* Build configuration list for PBXNativeTarget "TipperUITests" */ = {
			isa = XCConfigurationList;
			buildConfigurations = (
				3964FB97246700CB005C75E1 /* Debug */,
				3964FB98246700CB005C75E1 /* Release */,
			);
			defaultConfigurationIsVisible = 0;
			defaultConfigurationName = Release;
		};
/* End XCConfigurationList section */
	};
	rootObject = 3964FB5E246700B9005C75E1 /* Project object */;
}
